
Microsoft Visual Studio Solution File, Format Version 12.00
# Visual Studio Version 16
VisualStudioVersion = 16.0.33328.57
MinimumVisualStudioVersion = 10.0.40219.1
Project("{FAE04EC0-301F-11D3-BF4B-00C04F79EFBC}") = "NotarialOffice", "NotarialOffice\NotarialOffice.csproj", "{041D6BD4-F217-40A3-ADC8-CD3E0CA6328D}"
EndProject
Project("{FAE04EC0-301F-11D3-BF4B-00C04F79EFBC}") = "Minesweeper", "Minesweeper\Minesweeper.csproj", "{26CD9CE7-CFDD-4468-946E-EB47C6035E8B}"
EndProject
Global
	GlobalSection(SolutionConfigurationPlatforms) = preSolution
		Debug|Any CPU = Debug|Any CPU
		Release|Any CPU = Release|Any CPU
	EndGlobalSection
	GlobalSection(ProjectConfigurationPlatforms) = postSolution
		{041D6BD4-F217-40A3-ADC8-CD3E0CA6328D}.Debug|Any CPU.ActiveCfg = Debug|Any CPU
		{041D6BD4-F217-40A3-ADC8-CD3E0CA6328D}.Debug|Any CPU.Build.0 = Debug|Any CPU
		{041D6BD4-F217-40A3-ADC8-CD3E0CA6328D}.Release|Any CPU.ActiveCfg = Release|Any CPU
		{041D6BD4-F217-40A3-ADC8-CD3E0CA6328D}.Release|Any CPU.Build.0 = Release|Any CPU
		{26CD9CE7-CFDD-4468-946E-EB47C6035E8B}.Debug|Any CPU.ActiveCfg = Debug|Any CPU
		{26CD9CE7-CFDD-4468-946E-EB47C6035E8B}.Debug|Any CPU.Build.0 = Debug|Any CPU
		{26CD9CE7-CFDD-4468-946E-EB47C6035E8B}.Release|Any CPU.ActiveCfg = Release|Any CPU
		{26CD9CE7-CFDD-4468-946E-EB47C6035E8B}.Release|Any CPU.Build.0 = Release|Any CPU
	EndGlobalSection
	GlobalSection(SolutionProperties) = preSolution
		HideSolutionNode = FALSE
	EndGlobalSection
	GlobalSection(ExtensibilityGlobals) = postSolution
		SolutionGuid = {73D17E41-DAD0-44BC-9DDC-CAC2C2C0F263}
	EndGlobalSection
EndGlobal
